// !$*UTF8*$!
{
	archiveVersion = 1;
	classes = {
	};
	objectVersion = 55;
	objects = {

/* Begin PBXBuildFile section */
		EA096635281E564700124B70 /* Theme.swift in Sources */ = {isa = PBXBuildFile; fileRef = EA096634281E564700124B70 /* Theme.swift */; };
		EAA7A7DC281DD4B100197044 /* AppDelegate.swift in Sources */ = {isa = PBXBuildFile; fileRef = EAA7A7DB281DD4B100197044 /* AppDelegate.swift */; };
		EAA7A7DE281DD4B100197044 /* SceneDelegate.swift in Sources */ = {isa = PBXBuildFile; fileRef = EAA7A7DD281DD4B100197044 /* SceneDelegate.swift */; };
		EAA7A7E0281DD4B100197044 /* HomeViewController.swift in Sources */ = {isa = PBXBuildFile; fileRef = EAA7A7DF281DD4B100197044 /* HomeViewController.swift */; };
		EAA7A7E5281DD4B200197044 /* Assets.xcassets in Resources */ = {isa = PBXBuildFile; fileRef = EAA7A7E4281DD4B200197044 /* Assets.xcassets */; };
		EAA7A7E8281DD4B200197044 /* LaunchScreen.storyboard in Resources */ = {isa = PBXBuildFile; fileRef = EAA7A7E6281DD4B200197044 /* LaunchScreen.storyboard */; };
		EAA7A7F3281DD96D00197044 /* ListingCell.swift in Sources */ = {isa = PBXBuildFile; fileRef = EAA7A7F2281DD96D00197044 /* ListingCell.swift */; };
		EAA7A7F5281DD99F00197044 /* ListingModel.swift in Sources */ = {isa = PBXBuildFile; fileRef = EAA7A7F4281DD99F00197044 /* ListingModel.swift */; };
		EAA7A7F7281DD9D900197044 /* UserModel.swift in Sources */ = {isa = PBXBuildFile; fileRef = EAA7A7F6281DD9D900197044 /* UserModel.swift */; };
		EAA7A7F9281DDC5900197044 /* FavoritesViewController.swift in Sources */ = {isa = PBXBuildFile; fileRef = EAA7A7F8281DDC5900197044 /* FavoritesViewController.swift */; };
		EAA7A7FB281DDC9200197044 /* ProfileViewController.swift in Sources */ = {isa = PBXBuildFile; fileRef = EAA7A7FA281DDC9200197044 /* ProfileViewController.swift */; };
/* End PBXBuildFile section */

/* Begin PBXFileReference section */
		EA096634281E564700124B70 /* Theme.swift */ = {isa = PBXFileReference; lastKnownFileType = sourcecode.swift; path = Theme.swift; sourceTree = "<group>"; };
		EAA7A7D8281DD4B100197044 /* Cornerr.app */ = {isa = PBXFileReference; explicitFileType = wrapper.application; includeInIndex = 0; path = Cornerr.app; sourceTree = BUILT_PRODUCTS_DIR; };
		EAA7A7DB281DD4B100197044 /* AppDelegate.swift */ = {isa = PBXFileReference; lastKnownFileType = sourcecode.swift; path = AppDelegate.swift; sourceTree = "<group>"; };
		EAA7A7DD281DD4B100197044 /* SceneDelegate.swift */ = {isa = PBXFileReference; lastKnownFileType = sourcecode.swift; path = SceneDelegate.swift; sourceTree = "<group>"; };
		EAA7A7DF281DD4B100197044 /* HomeViewController.swift */ = {isa = PBXFileReference; lastKnownFileType = sourcecode.swift; path = HomeViewController.swift; sourceTree = "<group>"; };
		EAA7A7E4281DD4B200197044 /* Assets.xcassets */ = {isa = PBXFileReference; lastKnownFileType = folder.assetcatalog; path = Assets.xcassets; sourceTree = "<group>"; };
		EAA7A7E7281DD4B200197044 /* Base */ = {isa = PBXFileReference; lastKnownFileType = file.storyboard; name = Base; path = Base.lproj/LaunchScreen.storyboard; sourceTree = "<group>"; };
		EAA7A7E9281DD4B200197044 /* Info.plist */ = {isa = PBXFileReference; lastKnownFileType = text.plist.xml; path = Info.plist; sourceTree = "<group>"; };
		EAA7A7F2281DD96D00197044 /* ListingCell.swift */ = {isa = PBXFileReference; lastKnownFileType = sourcecode.swift; path = ListingCell.swift; sourceTree = "<group>"; };
		EAA7A7F4281DD99F00197044 /* ListingModel.swift */ = {isa = PBXFileReference; lastKnownFileType = sourcecode.swift; path = ListingModel.swift; sourceTree = "<group>"; };
		EAA7A7F6281DD9D900197044 /* UserModel.swift */ = {isa = PBXFileReference; lastKnownFileType = sourcecode.swift; path = UserModel.swift; sourceTree = "<group>"; };
		EAA7A7F8281DDC5900197044 /* FavoritesViewController.swift */ = {isa = PBXFileReference; lastKnownFileType = sourcecode.swift; path = FavoritesViewController.swift; sourceTree = "<group>"; };
		EAA7A7FA281DDC9200197044 /* ProfileViewController.swift */ = {isa = PBXFileReference; lastKnownFileType = sourcecode.swift; path = ProfileViewController.swift; sourceTree = "<group>"; };
/* End PBXFileReference section */

/* Begin PBXFrameworksBuildPhase section */
		EAA7A7D5281DD4B100197044 /* Frameworks */ = {
			isa = PBXFrameworksBuildPhase;
			buildActionMask = 2147483647;
			files = (
			);
			runOnlyForDeploymentPostprocessing = 0;
		};
/* End PBXFrameworksBuildPhase section */

/* Begin PBXGroup section */
		EAA7A7CF281DD4B100197044 = {
			isa = PBXGroup;
			children = (
				EAA7A7DA281DD4B100197044 /* Cornerr */,
				EAA7A7D9281DD4B100197044 /* Products */,
			);
			sourceTree = "<group>";
		};
		EAA7A7D9281DD4B100197044 /* Products */ = {
			isa = PBXGroup;
			children = (
				EAA7A7D8281DD4B100197044 /* Cornerr.app */,
			);
			name = Products;
			sourceTree = "<group>";
		};
		EAA7A7DA281DD4B100197044 /* Cornerr */ = {
			isa = PBXGroup;
			children = (
				EAA7A7FF281E559C00197044 /* Theme */,
				EAA7A7EF281DD7D600197044 /* ViewControllers */,
				EAA7A7F0281DD7E500197044 /* Models */,
				EAA7A7F1281DD94500197044 /* Cells */,
				EAA7A7DB281DD4B100197044 /* AppDelegate.swift */,
				EAA7A7DD281DD4B100197044 /* SceneDelegate.swift */,
				EAA7A7E4281DD4B200197044 /* Assets.xcassets */,
				EAA7A7E6281DD4B200197044 /* LaunchScreen.storyboard */,
				EAA7A7E9281DD4B200197044 /* Info.plist */,
			);
			path = Cornerr;
			sourceTree = "<group>";
		};
		EAA7A7EF281DD7D600197044 /* ViewControllers */ = {
			isa = PBXGroup;
			children = (
				EAA7A7DF281DD4B100197044 /* HomeViewController.swift */,
				EAA7A7F8281DDC5900197044 /* FavoritesViewController.swift */,
				EAA7A7FA281DDC9200197044 /* ProfileViewController.swift */,
			);
			path = ViewControllers;
			sourceTree = "<group>";
		};
		EAA7A7F0281DD7E500197044 /* Models */ = {
			isa = PBXGroup;
			children = (
				EAA7A7F4281DD99F00197044 /* ListingModel.swift */,
				EAA7A7F6281DD9D900197044 /* UserModel.swift */,
			);
			path = Models;
			sourceTree = "<group>";
		};
		EAA7A7F1281DD94500197044 /* Cells */ = {
			isa = PBXGroup;
			children = (
				EAA7A7F2281DD96D00197044 /* ListingCell.swift */,
			);
			path = Cells;
			sourceTree = "<group>";
		};
		EAA7A7FF281E559C00197044 /* Theme */ = {
			isa = PBXGroup;
			children = (
				EA096634281E564700124B70 /* Theme.swift */,
			);
			path = Theme;
			sourceTree = "<group>";
		};
/* End PBXGroup section */

/* Begin PBXNativeTarget section */
		EAA7A7D7281DD4B100197044 /* Cornerr */ = {
			isa = PBXNativeTarget;
			buildConfigurationList = EAA7A7EC281DD4B200197044 /* Build configuration list for PBXNativeTarget "Cornerr" */;
			buildPhases = (
				EAA7A7D4281DD4B100197044 /* Sources */,
				EAA7A7D5281DD4B100197044 /* Frameworks */,
				EAA7A7D6281DD4B100197044 /* Resources */,
			);
			buildRules = (
			);
			dependencies = (
			);
			name = Cornerr;
			productName = Cornerr;
			productReference = EAA7A7D8281DD4B100197044 /* Cornerr.app */;
			productType = "com.apple.product-type.application";
		};
/* End PBXNativeTarget section */

/* Begin PBXProject section */
		EAA7A7D0281DD4B100197044 /* Project object */ = {
			isa = PBXProject;
			attributes = {
				BuildIndependentTargetsInParallel = 1;
				LastSwiftUpdateCheck = 1320;
				LastUpgradeCheck = 1320;
				TargetAttributes = {
					EAA7A7D7281DD4B100197044 = {
						CreatedOnToolsVersion = 13.2.1;
					};
				};
			};
			buildConfigurationList = EAA7A7D3281DD4B100197044 /* Build configuration list for PBXProject "Cornerr" */;
			compatibilityVersion = "Xcode 13.0";
			developmentRegion = en;
			hasScannedForEncodings = 0;
			knownRegions = (
				en,
				Base,
			);
			mainGroup = EAA7A7CF281DD4B100197044;
			productRefGroup = EAA7A7D9281DD4B100197044 /* Products */;
			projectDirPath = "";
			projectRoot = "";
			targets = (
				EAA7A7D7281DD4B100197044 /* Cornerr */,
			);
		};
/* End PBXProject section */

/* Begin PBXResourcesBuildPhase section */
		EAA7A7D6281DD4B100197044 /* Resources */ = {
			isa = PBXResourcesBuildPhase;
			buildActionMask = 2147483647;
			files = (
				EAA7A7E8281DD4B200197044 /* LaunchScreen.storyboard in Resources */,
				EAA7A7E5281DD4B200197044 /* Assets.xcassets in Resources */,
			);
			runOnlyForDeploymentPostprocessing = 0;
		};
/* End PBXResourcesBuildPhase section */

/* Begin PBXSourcesBuildPhase section */
		EAA7A7D4281DD4B100197044 /* Sources */ = {
			isa = PBXSourcesBuildPhase;
			buildActionMask = 2147483647;
			files = (
				EA096635281E564700124B70 /* Theme.swift in Sources */,
				EAA7A7E0281DD4B100197044 /* HomeViewController.swift in Sources */,
				EAA7A7DC281DD4B100197044 /* AppDelegate.swift in Sources */,
				EAA7A7F9281DDC5900197044 /* FavoritesViewController.swift in Sources */,
				EAA7A7F3281DD96D00197044 /* ListingCell.swift in Sources */,
				EAA7A7DE281DD4B100197044 /* SceneDelegate.swift in Sources */,
				EAA7A7F7281DD9D900197044 /* UserModel.swift in Sources */,
				EAA7A7FB281DDC9200197044 /* ProfileViewController.swift in Sources */,
				EAA7A7F5281DD99F00197044 /* ListingModel.swift in Sources */,
			);
			runOnlyForDeploymentPostprocessing = 0;
		};
/* End PBXSourcesBuildPhase section */

/* Begin PBXVariantGroup section */
		EAA7A7E6281DD4B200197044 /* LaunchScreen.storyboard */ = {
			isa = PBXVariantGroup;
			children = (
				EAA7A7E7281DD4B200197044 /* Base */,
			);
			name = LaunchScreen.storyboard;
			sourceTree = "<group>";
		};
/* End PBXVariantGroup section */

/* Begin XCBuildConfiguration section */
		EAA7A7EA281DD4B200197044 /* Debug */ = {
			isa = XCBuildConfiguration;
			buildSettings = {
				ALWAYS_SEARCH_USER_PATHS = NO;
				CLANG_ANALYZER_NONNULL = YES;
				CLANG_ANALYZER_NUMBER_OBJECT_CONVERSION = YES_AGGRESSIVE;
				CLANG_CXX_LANGUAGE_STANDARD = "gnu++17";
				CLANG_CXX_LIBRARY = "libc++";
				CLANG_ENABLE_MODULES = YES;
				CLANG_ENABLE_OBJC_ARC = YES;
				CLANG_ENABLE_OBJC_WEAK = YES;
				CLANG_WARN_BLOCK_CAPTURE_AUTORELEASING = YES;
				CLANG_WARN_BOOL_CONVERSION = YES;
				CLANG_WARN_COMMA = YES;
				CLANG_WARN_CONSTANT_CONVERSION = YES;
				CLANG_WARN_DEPRECATED_OBJC_IMPLEMENTATIONS = YES;
				CLANG_WARN_DIRECT_OBJC_ISA_USAGE = YES_ERROR;
				CLANG_WARN_DOCUMENTATION_COMMENTS = YES;
				CLANG_WARN_EMPTY_BODY = YES;
				CLANG_WARN_ENUM_CONVERSION = YES;
				CLANG_WARN_INFINITE_RECURSION = YES;
				CLANG_WARN_INT_CONVERSION = YES;
				CLANG_WARN_NON_LITERAL_NULL_CONVERSION = YES;
				CLANG_WARN_OBJC_IMPLICIT_RETAIN_SELF = YES;
				CLANG_WARN_OBJC_LITERAL_CONVERSION = YES;
				CLANG_WARN_OBJC_ROOT_CLASS = YES_ERROR;
				CLANG_WARN_QUOTED_INCLUDE_IN_FRAMEWORK_HEADER = YES;
				CLANG_WARN_RANGE_LOOP_ANALYSIS = YES;
				CLANG_WARN_STRICT_PROTOTYPES = YES;
				CLANG_WARN_SUSPICIOUS_MOVE = YES;
				CLANG_WARN_UNGUARDED_AVAILABILITY = YES_AGGRESSIVE;
				CLANG_WARN_UNREACHABLE_CODE = YES;
				CLANG_WARN__DUPLICATE_METHOD_MATCH = YES;
				COPY_PHASE_STRIP = NO;
				DEBUG_INFORMATION_FORMAT = dwarf;
				ENABLE_STRICT_OBJC_MSGSEND = YES;
				ENABLE_TESTABILITY = YES;
				GCC_C_LANGUAGE_STANDARD = gnu11;
				GCC_DYNAMIC_NO_PIC = NO;
				GCC_NO_COMMON_BLOCKS = YES;
				GCC_OPTIMIZATION_LEVEL = 0;
				GCC_PREPROCESSOR_DEFINITIONS = (
					"DEBUG=1",
					"$(inherited)",
				);
				GCC_WARN_64_TO_32_BIT_CONVERSION = YES;
				GCC_WARN_ABOUT_RETURN_TYPE = YES_ERROR;
				GCC_WARN_UNDECLARED_SELECTOR = YES;
				GCC_WARN_UNINITIALIZED_AUTOS = YES_AGGRESSIVE;
				GCC_WARN_UNUSED_FUNCTION = YES;
				GCC_WARN_UNUSED_VARIABLE = YES;
				IPHONEOS_DEPLOYMENT_TARGET = 15.2;
				MTL_ENABLE_DEBUG_INFO = INCLUDE_SOURCE;
				MTL_FAST_MATH = YES;
				ONLY_ACTIVE_ARCH = YES;
				SDKROOT = iphoneos;
				SWIFT_ACTIVE_COMPILATION_CONDITIONS = DEBUG;
				SWIFT_OPTIMIZATION_LEVEL = "-Onone";
			};
			name = Debug;
		};
		EAA7A7EB281DD4B200197044 /* Release */ = {
			isa = XCBuildConfiguration;
			buildSettings = {
				ALWAYS_SEARCH_USER_PATHS = NO;
				CLANG_ANALYZER_NONNULL = YES;
				CLANG_ANALYZER_NUMBER_OBJECT_CONVERSION = YES_AGGRESSIVE;
				CLANG_CXX_LANGUAGE_STANDARD = "gnu++17";
				CLANG_CXX_LIBRARY = "libc++";
				CLANG_ENABLE_MODULES = YES;
				CLANG_ENABLE_OBJC_ARC = YES;
				CLANG_ENABLE_OBJC_WEAK = YES;
				CLANG_WARN_BLOCK_CAPTURE_AUTORELEASING = YES;
				CLANG_WARN_BOOL_CONVERSION = YES;
				CLANG_WARN_COMMA = YES;
				CLANG_WARN_CONSTANT_CONVERSION = YES;
				CLANG_WARN_DEPRECATED_OBJC_IMPLEMENTATIONS = YES;
				CLANG_WARN_DIRECT_OBJC_ISA_USAGE = YES_ERROR;
				CLANG_WARN_DOCUMENTATION_COMMENTS = YES;
				CLANG_WARN_EMPTY_BODY = YES;
				CLANG_WARN_ENUM_CONVERSION = YES;
				CLANG_WARN_INFINITE_RECURSION = YES;
				CLANG_WARN_INT_CONVERSION = YES;
				CLANG_WARN_NON_LITERAL_NULL_CONVERSION = YES;
				CLANG_WARN_OBJC_IMPLICIT_RETAIN_SELF = YES;
				CLANG_WARN_OBJC_LITERAL_CONVERSION = YES;
				CLANG_WARN_OBJC_ROOT_CLASS = YES_ERROR;
				CLANG_WARN_QUOTED_INCLUDE_IN_FRAMEWORK_HEADER = YES;
				CLANG_WARN_RANGE_LOOP_ANALYSIS = YES;
				CLANG_WARN_STRICT_PROTOTYPES = YES;
				CLANG_WARN_SUSPICIOUS_MOVE = YES;
				CLANG_WARN_UNGUARDED_AVAILABILITY = YES_AGGRESSIVE;
				CLANG_WARN_UNREACHABLE_CODE = YES;
				CLANG_WARN__DUPLICATE_METHOD_MATCH = YES;
				COPY_PHASE_STRIP = NO;
				DEBUG_INFORMATION_FORMAT = "dwarf-with-dsym";
				ENABLE_NS_ASSERTIONS = NO;
				ENABLE_STRICT_OBJC_MSGSEND = YES;
				GCC_C_LANGUAGE_STANDARD = gnu11;
				GCC_NO_COMMON_BLOCKS = YES;
				GCC_WARN_64_TO_32_BIT_CONVERSION = YES;
				GCC_WARN_ABOUT_RETURN_TYPE = YES_ERROR;
				GCC_WARN_UNDECLARED_SELECTOR = YES;
				GCC_WARN_UNINITIALIZED_AUTOS = YES_AGGRESSIVE;
				GCC_WARN_UNUSED_FUNCTION = YES;
				GCC_WARN_UNUSED_VARIABLE = YES;
				IPHONEOS_DEPLOYMENT_TARGET = 15.2;
				MTL_ENABLE_DEBUG_INFO = NO;
				MTL_FAST_MATH = YES;
				SDKROOT = iphoneos;
				SWIFT_COMPILATION_MODE = wholemodule;
				SWIFT_OPTIMIZATION_LEVEL = "-O";
				VALIDATE_PRODUCT = YES;
			};
			name = Release;
		};
		EAA7A7ED281DD4B200197044 /* Debug */ = {
			isa = XCBuildConfiguration;
			buildSettings = {
				ASSETCATALOG_COMPILER_APPICON_NAME = AppIcon;
				ASSETCATALOG_COMPILER_GLOBAL_ACCENT_COLOR_NAME = AccentColor;
				CODE_SIGN_STYLE = Automatic;
				CURRENT_PROJECT_VERSION = 1;
				DEVELOPMENT_TEAM = H29NR442DV;
				GENERATE_INFOPLIST_FILE = YES;
				INFOPLIST_FILE = Cornerr/Info.plist;
				INFOPLIST_KEY_UIApplicationSupportsIndirectInputEvents = YES;
				INFOPLIST_KEY_UILaunchStoryboardName = LaunchScreen;
				INFOPLIST_KEY_UISupportedInterfaceOrientations_iPad = "UIInterfaceOrientationPortrait UIInterfaceOrientationPortraitUpsideDown UIInterfaceOrientationLandscapeLeft UIInterfaceOrientationLandscapeRight";
				INFOPLIST_KEY_UISupportedInterfaceOrientations_iPhone = "UIInterfaceOrientationPortrait UIInterfaceOrientationLandscapeLeft UIInterfaceOrientationLandscapeRight";
				LD_RUNPATH_SEARCH_PATHS = (
					"$(inherited)",
					"@executable_path/Frameworks",
				);
				MARKETING_VERSION = 1.0;
				PRODUCT_BUNDLE_IDENTIFIER = com.hackchallenge.Cornerr;
				PRODUCT_NAME = "$(TARGET_NAME)";
				SWIFT_EMIT_LOC_STRINGS = YES;
				SWIFT_VERSION = 5.0;
				TARGETED_DEVICE_FAMILY = "1,2";
			};
			name = Debug;
		};
		EAA7A7EE281DD4B200197044 /* Release */ = {
			isa = XCBuildConfiguration;
			buildSettings = {
				ASSETCATALOG_COMPILER_APPICON_NAME = AppIcon;
				ASSETCATALOG_COMPILER_GLOBAL_ACCENT_COLOR_NAME = AccentColor;
				CODE_SIGN_STYLE = Automatic;
				CURRENT_PROJECT_VERSION = 1;
				DEVELOPMENT_TEAM = H29NR442DV;
				GENERATE_INFOPLIST_FILE = YES;
				INFOPLIST_FILE = Cornerr/Info.plist;
				INFOPLIST_KEY_UIApplicationSupportsIndirectInputEvents = YES;
				INFOPLIST_KEY_UILaunchStoryboardName = LaunchScreen;
				INFOPLIST_KEY_UISupportedInterfaceOrientations_iPad = "UIInterfaceOrientationPortrait UIInterfaceOrientationPortraitUpsideDown UIInterfaceOrientationLandscapeLeft UIInterfaceOrientationLandscapeRight";
				INFOPLIST_KEY_UISupportedInterfaceOrientations_iPhone = "UIInterfaceOrientationPortrait UIInterfaceOrientationLandscapeLeft UIInterfaceOrientationLandscapeRight";
				LD_RUNPATH_SEARCH_PATHS = (
					"$(inherited)",
					"@executable_path/Frameworks",
				);
				MARKETING_VERSION = 1.0;
				PRODUCT_BUNDLE_IDENTIFIER = com.hackchallenge.Cornerr;
				PRODUCT_NAME = "$(TARGET_NAME)";
				SWIFT_EMIT_LOC_STRINGS = YES;
				SWIFT_VERSION = 5.0;
				TARGETED_DEVICE_FAMILY = "1,2";
			};
			name = Release;
		};
/* End XCBuildConfiguration section */

/* Begin XCConfigurationList section */
		EAA7A7D3281DD4B100197044 /* Build configuration list for PBXProject "Cornerr" */ = {
			isa = XCConfigurationList;
			buildConfigurations = (
				EAA7A7EA281DD4B200197044 /* Debug */,
				EAA7A7EB281DD4B200197044 /* Release */,
			);
			defaultConfigurationIsVisible = 0;
			defaultConfigurationName = Release;
		};
		EAA7A7EC281DD4B200197044 /* Build configuration list for PBXNativeTarget "Cornerr" */ = {
			isa = XCConfigurationList;
			buildConfigurations = (
				EAA7A7ED281DD4B200197044 /* Debug */,
				EAA7A7EE281DD4B200197044 /* Release */,
			);
			defaultConfigurationIsVisible = 0;
			defaultConfigurationName = Release;
		};
/* End XCConfigurationList section */
	};
	rootObject = EAA7A7D0281DD4B100197044 /* Project object */;
}
